
Microsoft Visual Studio Solution File, Format Version 12.00
# Visual Studio 15
VisualStudioVersion = 15.0.27130.2036
MinimumVisualStudioVersion = 10.0.40219.1
Project("{9A19103F-16F7-4668-BE54-9A1E7A4F7556}") = "SearchServer", "ClusterServer\SearchServer.csproj", "{C9F8BE59-3E9E-41C6-857C-3955C3D7FB84}"
EndProject
Global
	GlobalSection(SolutionConfigurationPlatforms) = preSolution
		Debug|Any CPU = Debug|Any CPU
		Release|Any CPU = Release|Any CPU
	EndGlobalSection
	GlobalSection(ProjectConfigurationPlatforms) = postSolution
		{C9F8BE59-3E9E-41C6-857C-3955C3D7FB84}.Debug|Any CPU.ActiveCfg = Debug|Any CPU
		{C9F8BE59-3E9E-41C6-857C-3955C3D7FB84}.Debug|Any CPU.Build.0 = Debug|Any CPU
		{C9F8BE59-3E9E-41C6-857C-3955C3D7FB84}.Release|Any CPU.ActiveCfg = Release|Any CPU
		{C9F8BE59-3E9E-41C6-857C-3955C3D7FB84}.Release|Any CPU.Build.0 = Release|Any CPU
	EndGlobalSection
	GlobalSection(SolutionProperties) = preSolution
		HideSolutionNode = FALSE
	EndGlobalSection
	GlobalSection(ExtensibilityGlobals) = postSolution
		SolutionGuid = {D5BDC3D1-4CE3-41F4-A854-4893BAD9106E}
	EndGlobalSection
EndGlobal
